// !$*UTF8*$!
{
	archiveVersion = 1;
	classes = {
	};
	objectVersion = 46;
	objects = {

/* Begin PBXBuildFile section */
		B92BEF751B4D61D2002DA56D /* AppDelegate.swift in Sources */ = {isa = PBXBuildFile; fileRef = B92BEF741B4D61D2002DA56D /* AppDelegate.swift */; };
		B92BEF781B4D61D2002DA56D /* tothink.xcdatamodeld in Sources */ = {isa = PBXBuildFile; fileRef = B92BEF761B4D61D2002DA56D /* tothink.xcdatamodeld */; };
		B92BEF7A1B4D61D2002DA56D /* ViewController.swift in Sources */ = {isa = PBXBuildFile; fileRef = B92BEF791B4D61D2002DA56D /* ViewController.swift */; };
		B92BEF7D1B4D61D2002DA56D /* Main.storyboard in Resources */ = {isa = PBXBuildFile; fileRef = B92BEF7B1B4D61D2002DA56D /* Main.storyboard */; };
		B92BEF7F1B4D61D2002DA56D /* Images.xcassets in Resources */ = {isa = PBXBuildFile; fileRef = B92BEF7E1B4D61D2002DA56D /* Images.xcassets */; };
		B92BEF821B4D61D2002DA56D /* LaunchScreen.xib in Resources */ = {isa = PBXBuildFile; fileRef = B92BEF801B4D61D2002DA56D /* LaunchScreen.xib */; };
		B92BEF8E1B4D61D2002DA56D /* tothinkTests.swift in Sources */ = {isa = PBXBuildFile; fileRef = B92BEF8D1B4D61D2002DA56D /* tothinkTests.swift */; };
		B92BEF981B4D6353002DA56D /* other.swift in Sources */ = {isa = PBXBuildFile; fileRef = B92BEF971B4D6353002DA56D /* other.swift */; };
/* End PBXBuildFile section */

/* Begin PBXContainerItemProxy section */
		B92BEF881B4D61D2002DA56D /* PBXContainerItemProxy */ = {
			isa = PBXContainerItemProxy;
			containerPortal = B92BEF671B4D61D2002DA56D /* Project object */;
			proxyType = 1;
			remoteGlobalIDString = B92BEF6E1B4D61D2002DA56D;
			remoteInfo = tothink;
		};
/* End PBXContainerItemProxy section */

/* Begin PBXFileReference section */
		B92BEF6F1B4D61D2002DA56D /* tothink.app */ = {isa = PBXFileReference; explicitFileType = wrapper.application; includeInIndex = 0; path = tothink.app; sourceTree = BUILT_PRODUCTS_DIR; };
		B92BEF731B4D61D2002DA56D /* Info.plist */ = {isa = PBXFileReference; lastKnownFileType = text.plist.xml; path = Info.plist; sourceTree = "<group>"; };
		B92BEF741B4D61D2002DA56D /* AppDelegate.swift */ = {isa = PBXFileReference; lastKnownFileType = sourcecode.swift; path = AppDelegate.swift; sourceTree = "<group>"; };
		B92BEF771B4D61D2002DA56D /* tothink.xcdatamodel */ = {isa = PBXFileReference; lastKnownFileType = wrapper.xcdatamodel; path = tothink.xcdatamodel; sourceTree = "<group>"; };
		B92BEF791B4D61D2002DA56D /* ViewController.swift */ = {isa = PBXFileReference; lastKnownFileType = sourcecode.swift; path = ViewController.swift; sourceTree = "<group>"; };
		B92BEF7C1B4D61D2002DA56D /* Base */ = {isa = PBXFileReference; lastKnownFileType = file.storyboard; name = Base; path = Base.lproj/Main.storyboard; sourceTree = "<group>"; };
		B92BEF7E1B4D61D2002DA56D /* Images.xcassets */ = {isa = PBXFileReference; lastKnownFileType = folder.assetcatalog; path = Images.xcassets; sourceTree = "<group>"; };
		B92BEF811B4D61D2002DA56D /* Base */ = {isa = PBXFileReference; lastKnownFileType = file.xib; name = Base; path = Base.lproj/LaunchScreen.xib; sourceTree = "<group>"; };
		B92BEF871B4D61D2002DA56D /* tothinkTests.xctest */ = {isa = PBXFileReference; explicitFileType = wrapper.cfbundle; includeInIndex = 0; path = tothinkTests.xctest; sourceTree = BUILT_PRODUCTS_DIR; };
		B92BEF8C1B4D61D2002DA56D /* Info.plist */ = {isa = PBXFileReference; lastKnownFileType = text.plist.xml; path = Info.plist; sourceTree = "<group>"; };
		B92BEF8D1B4D61D2002DA56D /* tothinkTests.swift */ = {isa = PBXFileReference; lastKnownFileType = sourcecode.swift; path = tothinkTests.swift; sourceTree = "<group>"; };
		B92BEF971B4D6353002DA56D /* other.swift */ = {isa = PBXFileReference; fileEncoding = 4; lastKnownFileType = sourcecode.swift; path = other.swift; sourceTree = "<group>"; };
/* End PBXFileReference section */

/* Begin PBXFrameworksBuildPhase section */
		B92BEF6C1B4D61D2002DA56D /* Frameworks */ = {
			isa = PBXFrameworksBuildPhase;
			buildActionMask = 2147483647;
			files = (
			);
			runOnlyForDeploymentPostprocessing = 0;
		};
		B92BEF841B4D61D2002DA56D /* Frameworks */ = {
			isa = PBXFrameworksBuildPhase;
			buildActionMask = 2147483647;
			files = (
			);
			runOnlyForDeploymentPostprocessing = 0;
		};
/* End PBXFrameworksBuildPhase section */

/* Begin PBXGroup section */
		B92BEF661B4D61D2002DA56D = {
			isa = PBXGroup;
			children = (
				B92BEF711B4D61D2002DA56D /* tothink */,
				B92BEF8A1B4D61D2002DA56D /* tothinkTests */,
				B92BEF701B4D61D2002DA56D /* Products */,
			);
			sourceTree = "<group>";
		};
		B92BEF701B4D61D2002DA56D /* Products */ = {
			isa = PBXGroup;
			children = (
				B92BEF6F1B4D61D2002DA56D /* tothink.app */,
				B92BEF871B4D61D2002DA56D /* tothinkTests.xctest */,
			);
			name = Products;
			sourceTree = "<group>";
		};
		B92BEF711B4D61D2002DA56D /* tothink */ = {
			isa = PBXGroup;
			children = (
				B92BEF741B4D61D2002DA56D /* AppDelegate.swift */,
				B92BEF791B4D61D2002DA56D /* ViewController.swift */,
				B92BEF7B1B4D61D2002DA56D /* Main.storyboard */,
				B92BEF7E1B4D61D2002DA56D /* Images.xcassets */,
				B92BEF801B4D61D2002DA56D /* LaunchScreen.xib */,
				B92BEF761B4D61D2002DA56D /* tothink.xcdatamodeld */,
				B92BEF721B4D61D2002DA56D /* Supporting Files */,
				B92BEF971B4D6353002DA56D /* other.swift */,
			);
			path = tothink;
			sourceTree = "<group>";
		};
		B92BEF721B4D61D2002DA56D /* Supporting Files */ = {
			isa = PBXGroup;
			children = (
				B92BEF731B4D61D2002DA56D /* Info.plist */,
			);
			name = "Supporting Files";
			sourceTree = "<group>";
		};
		B92BEF8A1B4D61D2002DA56D /* tothinkTests */ = {
			isa = PBXGroup;
			children = (
				B92BEF8D1B4D61D2002DA56D /* tothinkTests.swift */,
				B92BEF8B1B4D61D2002DA56D /* Supporting Files */,
			);
			path = tothinkTests;
			sourceTree = "<group>";
		};
		B92BEF8B1B4D61D2002DA56D /* Supporting Files */ = {
			isa = PBXGroup;
			children = (
				B92BEF8C1B4D61D2002DA56D /* Info.plist */,
			);
			name = "Supporting Files";
			sourceTree = "<group>";
		};
/* End PBXGroup section */

/* Begin PBXNativeTarget section */
		B92BEF6E1B4D61D2002DA56D /* tothink */ = {
			isa = PBXNativeTarget;
			buildConfigurationList = B92BEF911B4D61D2002DA56D /* Build configuration list for PBXNativeTarget "tothink" */;
			buildPhases = (
				B92BEF6B1B4D61D2002DA56D /* Sources */,
				B92BEF6C1B4D61D2002DA56D /* Frameworks */,
				B92BEF6D1B4D61D2002DA56D /* Resources */,
			);
			buildRules = (
			);
			dependencies = (
			);
			name = tothink;
			productName = tothink;
			productReference = B92BEF6F1B4D61D2002DA56D /* tothink.app */;
			productType = "com.apple.product-type.application";
		};
		B92BEF861B4D61D2002DA56D /* tothinkTests */ = {
			isa = PBXNativeTarget;
			buildConfigurationList = B92BEF941B4D61D2002DA56D /* Build configuration list for PBXNativeTarget "tothinkTests" */;
			buildPhases = (
				B92BEF831B4D61D2002DA56D /* Sources */,
				B92BEF841B4D61D2002DA56D /* Frameworks */,
				B92BEF851B4D61D2002DA56D /* Resources */,
			);
			buildRules = (
			);
			dependencies = (
				B92BEF891B4D61D2002DA56D /* PBXTargetDependency */,
			);
			name = tothinkTests;
			productName = tothinkTests;
			productReference = B92BEF871B4D61D2002DA56D /* tothinkTests.xctest */;
			productType = "com.apple.product-type.bundle.unit-test";
		};
/* End PBXNativeTarget section */

/* Begin PBXProject section */
		B92BEF671B4D61D2002DA56D /* Project object */ = {
			isa = PBXProject;
			attributes = {
				LastUpgradeCheck = 0640;
				ORGANIZATIONNAME = "boqing fu";
				TargetAttributes = {
					B92BEF6E1B4D61D2002DA56D = {
						CreatedOnToolsVersion = 6.4;
					};
					B92BEF861B4D61D2002DA56D = {
						CreatedOnToolsVersion = 6.4;
						TestTargetID = B92BEF6E1B4D61D2002DA56D;
					};
				};
			};
			buildConfigurationList = B92BEF6A1B4D61D2002DA56D /* Build configuration list for PBXProject "tothink" */;
			compatibilityVersion = "Xcode 3.2";
			developmentRegion = English;
			hasScannedForEncodings = 0;
			knownRegions = (
				en,
				Base,
			);
			mainGroup = B92BEF661B4D61D2002DA56D;
			productRefGroup = B92BEF701B4D61D2002DA56D /* Products */;
			projectDirPath = "";
			projectRoot = "";
			targets = (
				B92BEF6E1B4D61D2002DA56D /* tothink */,
				B92BEF861B4D61D2002DA56D /* tothinkTests */,
			);
		};
/* End PBXProject section */

/* Begin PBXResourcesBuildPhase section */
		B92BEF6D1B4D61D2002DA56D /* Resources */ = {
			isa = PBXResourcesBuildPhase;
			buildActionMask = 2147483647;
			files = (
				B92BEF7D1B4D61D2002DA56D /* Main.storyboard in Resources */,
				B92BEF821B4D61D2002DA56D /* LaunchScreen.xib in Resources */,
				B92BEF7F1B4D61D2002DA56D /* Images.xcassets in Resources */,
			);
			runOnlyForDeploymentPostprocessing = 0;
		};
		B92BEF851B4D61D2002DA56D /* Resources */ = {
			isa = PBXResourcesBuildPhase;
			buildActionMask = 2147483647;
			files = (
			);
			runOnlyForDeploymentPostprocessing = 0;
		};
/* End PBXResourcesBuildPhase section */

/* Begin PBXSourcesBuildPhase section */
		B92BEF6B1B4D61D2002DA56D /* Sources */ = {
			isa = PBXSourcesBuildPhase;
			buildActionMask = 2147483647;
			files = (
				B92BEF981B4D6353002DA56D /* other.swift in Sources */,
				B92BEF7A1B4D61D2002DA56D /* ViewController.swift in Sources */,
				B92BEF751B4D61D2002DA56D /* AppDelegate.swift in Sources */,
				B92BEF781B4D61D2002DA56D /* tothink.xcdatamodeld in Sources */,
			);
			runOnlyForDeploymentPostprocessing = 0;
		};
		B92BEF831B4D61D2002DA56D /* Sources */ = {
			isa = PBXSourcesBuildPhase;
			buildActionMask = 2147483647;
			files = (
				B92BEF8E1B4D61D2002DA56D /* tothinkTests.swift in Sources */,
			);
			runOnlyForDeploymentPostprocessing = 0;
		};
/* End PBXSourcesBuildPhase section */

/* Begin PBXTargetDependency section */
		B92BEF891B4D61D2002DA56D /* PBXTargetDependency */ = {
			isa = PBXTargetDependency;
			target = B92BEF6E1B4D61D2002DA56D /* tothink */;
			targetProxy = B92BEF881B4D61D2002DA56D /* PBXContainerItemProxy */;
		};
/* End PBXTargetDependency section */

/* Begin PBXVariantGroup section */
		B92BEF7B1B4D61D2002DA56D /* Main.storyboard */ = {
			isa = PBXVariantGroup;
			children = (
				B92BEF7C1B4D61D2002DA56D /* Base */,
			);
			name = Main.storyboard;
			sourceTree = "<group>";
		};
		B92BEF801B4D61D2002DA56D /* LaunchScreen.xib */ = {
			isa = PBXVariantGroup;
			children = (
				B92BEF811B4D61D2002DA56D /* Base */,
			);
			name = LaunchScreen.xib;
			sourceTree = "<group>";
		};
/* End PBXVariantGroup section */

/* Begin XCBuildConfiguration section */
		B92BEF8F1B4D61D2002DA56D /* Debug */ = {
			isa = XCBuildConfiguration;
			buildSettings = {
				ALWAYS_SEARCH_USER_PATHS = NO;
				CLANG_CXX_LANGUAGE_STANDARD = "gnu++0x";
				CLANG_CXX_LIBRARY = "libc++";
				CLANG_ENABLE_MODULES = YES;
				CLANG_ENABLE_OBJC_ARC = YES;
				CLANG_WARN_BOOL_CONVERSION = YES;
				CLANG_WARN_CONSTANT_CONVERSION = YES;
				CLANG_WARN_DIRECT_OBJC_ISA_USAGE = YES_ERROR;
				CLANG_WARN_EMPTY_BODY = YES;
				CLANG_WARN_ENUM_CONVERSION = YES;
				CLANG_WARN_INT_CONVERSION = YES;
				CLANG_WARN_OBJC_ROOT_CLASS = YES_ERROR;
				CLANG_WARN_UNREACHABLE_CODE = YES;
				CLANG_WARN__DUPLICATE_METHOD_MATCH = YES;
				"CODE_SIGN_IDENTITY[sdk=iphoneos*]" = "iPhone Developer";
				COPY_PHASE_STRIP = NO;
				DEBUG_INFORMATION_FORMAT = "dwarf-with-dsym";
				ENABLE_STRICT_OBJC_MSGSEND = YES;
				GCC_C_LANGUAGE_STANDARD = gnu99;
				GCC_DYNAMIC_NO_PIC = NO;
				GCC_NO_COMMON_BLOCKS = YES;
				GCC_OPTIMIZATION_LEVEL = 0;
				GCC_PREPROCESSOR_DEFINITIONS = (
					"DEBUG=1",
					"$(inherited)",
				);
				GCC_SYMBOLS_PRIVATE_EXTERN = NO;
				GCC_WARN_64_TO_32_BIT_CONVERSION = YES;
				GCC_WARN_ABOUT_RETURN_TYPE = YES_ERROR;
				GCC_WARN_UNDECLARED_SELECTOR = YES;
				GCC_WARN_UNINITIALIZED_AUTOS = YES_AGGRESSIVE;
				GCC_WARN_UNUSED_FUNCTION = YES;
				GCC_WARN_UNUSED_VARIABLE = YES;
				IPHONEOS_DEPLOYMENT_TARGET = 8.4;
				MTL_ENABLE_DEBUG_INFO = YES;
				ONLY_ACTIVE_ARCH = YES;
				SDKROOT = iphoneos;
				SWIFT_OPTIMIZATION_LEVEL = "-Onone";
			};
			name = Debug;
		};
		B92BEF901B4D61D2002DA56D /* Release */ = {
			isa = XCBuildConfiguration;
			buildSettings = {
				ALWAYS_SEARCH_USER_PATHS = NO;
				CLANG_CXX_LANGUAGE_STANDARD = "gnu++0x";
				CLANG_CXX_LIBRARY = "libc++";
				CLANG_ENABLE_MODULES = YES;
				CLANG_ENABLE_OBJC_ARC = YES;
				CLANG_WARN_BOOL_CONVERSION = YES;
				CLANG_WARN_CONSTANT_CONVERSION = YES;
				CLANG_WARN_DIRECT_OBJC_ISA_USAGE = YES_ERROR;
				CLANG_WARN_EMPTY_BODY = YES;
				CLANG_WARN_ENUM_CONVERSION = YES;
				CLANG_WARN_INT_CONVERSION = YES;
				CLANG_WARN_OBJC_ROOT_CLASS = YES_ERROR;
				CLANG_WARN_UNREACHABLE_CODE = YES;
				CLANG_WARN__DUPLICATE_METHOD_MATCH = YES;
				"CODE_SIGN_IDENTITY[sdk=iphoneos*]" = "iPhone Developer";
				COPY_PHASE_STRIP = NO;
				DEBUG_INFORMATION_FORMAT = "dwarf-with-dsym";
				ENABLE_NS_ASSERTIONS = NO;
				ENABLE_STRICT_OBJC_MSGSEND = YES;
				GCC_C_LANGUAGE_STANDARD = gnu99;
				GCC_NO_COMMON_BLOCKS = YES;
				GCC_WARN_64_TO_32_BIT_CONVERSION = YES;
				GCC_WARN_ABOUT_RETURN_TYPE = YES_ERROR;
				GCC_WARN_UNDECLARED_SELECTOR = YES;
				GCC_WARN_UNINITIALIZED_AUTOS = YES_AGGRESSIVE;
				GCC_WARN_UNUSED_FUNCTION = YES;
				GCC_WARN_UNUSED_VARIABLE = YES;
				IPHONEOS_DEPLOYMENT_TARGET = 8.4;
				MTL_ENABLE_DEBUG_INFO = NO;
				SDKROOT = iphoneos;
				VALIDATE_PRODUCT = YES;
			};
			name = Release;
		};
		B92BEF921B4D61D2002DA56D /* Debug */ = {
			isa = XCBuildConfiguration;
			buildSettings = {
				ASSETCATALOG_COMPILER_APPICON_NAME = AppIcon;
				INFOPLIST_FILE = tothink/Info.plist;
				LD_RUNPATH_SEARCH_PATHS = "$(inherited) @executable_path/Frameworks";
				PRODUCT_NAME = "$(TARGET_NAME)";
			};
			name = Debug;
		};
		B92BEF931B4D61D2002DA56D /* Release */ = {
			isa = XCBuildConfiguration;
			buildSettings = {
				ASSETCATALOG_COMPILER_APPICON_NAME = AppIcon;
				INFOPLIST_FILE = tothink/Info.plist;
				LD_RUNPATH_SEARCH_PATHS = "$(inherited) @executable_path/Frameworks";
				PRODUCT_NAME = "$(TARGET_NAME)";
			};
			name = Release;
		};
		B92BEF951B4D61D2002DA56D /* Debug */ = {
			isa = XCBuildConfiguration;
			buildSettings = {
				BUNDLE_LOADER = "$(TEST_HOST)";
				FRAMEWORK_SEARCH_PATHS = (
					"$(SDKROOT)/Developer/Library/Frameworks",
					"$(inherited)",
				);
				GCC_PREPROCESSOR_DEFINITIONS = (
					"DEBUG=1",
					"$(inherited)",
				);
				INFOPLIST_FILE = tothinkTests/Info.plist;
				LD_RUNPATH_SEARCH_PATHS = "$(inherited) @executable_path/Frameworks @loader_path/Frameworks";
				PRODUCT_NAME = "$(TARGET_NAME)";
				TEST_HOST = "$(BUILT_PRODUCTS_DIR)/tothink.app/tothink";
			};
			name = Debug;
		};
		B92BEF961B4D61D2002DA56D /* Release */ = {
			isa = XCBuildConfiguration;
			buildSettings = {
				BUNDLE_LOADER = "$(TEST_HOST)";
				FRAMEWORK_SEARCH_PATHS = (
					"$(SDKROOT)/Developer/Library/Frameworks",
					"$(inherited)",
				);
				INFOPLIST_FILE = tothinkTests/Info.plist;
				LD_RUNPATH_SEARCH_PATHS = "$(inherited) @executable_path/Frameworks @loader_path/Frameworks";
				PRODUCT_NAME = "$(TARGET_NAME)";
				TEST_HOST = "$(BUILT_PRODUCTS_DIR)/tothink.app/tothink";
			};
			name = Release;
		};
/* End XCBuildConfiguration section */

/* Begin XCConfigurationList section */
		B92BEF6A1B4D61D2002DA56D /* Build configuration list for PBXProject "tothink" */ = {
			isa = XCConfigurationList;
			buildConfigurations = (
				B92BEF8F1B4D61D2002DA56D /* Debug */,
				B92BEF901B4D61D2002DA56D /* Release */,
			);
			defaultConfigurationIsVisible = 0;
			defaultConfigurationName = Release;
		};
		B92BEF911B4D61D2002DA56D /* Build configuration list for PBXNativeTarget "tothink" */ = {
			isa = XCConfigurationList;
			buildConfigurations = (
				B92BEF921B4D61D2002DA56D /* Debug */,
				B92BEF931B4D61D2002DA56D /* Release */,
			);
			defaultConfigurationIsVisible = 0;
		};
		B92BEF941B4D61D2002DA56D /* Build configuration list for PBXNativeTarget "tothinkTests" */ = {
			isa = XCConfigurationList;
			buildConfigurations = (
				B92BEF951B4D61D2002DA56D /* Debug */,
				B92BEF961B4D61D2002DA56D /* Release */,
			);
			defaultConfigurationIsVisible = 0;
		};
/* End XCConfigurationList section */

/* Begin XCVersionGroup section */
		B92BEF761B4D61D2002DA56D /* tothink.xcdatamodeld */ = {
			isa = XCVersionGroup;
			children = (
				B92BEF771B4D61D2002DA56D /* tothink.xcdatamodel */,
			);
			currentVersion = B92BEF771B4D61D2002DA56D /* tothink.xcdatamodel */;
			path = tothink.xcdatamodeld;
			sourceTree = "<group>";
			versionGroupType = wrapper.xcdatamodel;
		};
/* End XCVersionGroup section */
	};
	rootObject = B92BEF671B4D61D2002DA56D /* Project object */;
}
